
Microsoft Visual Studio Solution File, Format Version 12.00
# Visual Studio Version 17
VisualStudioVersion = 17.2.32526.322
MinimumVisualStudioVersion = 10.0.40219.1
Project("{8BC9CEB8-8B4A-11D0-8D11-00A0C91BC942}") = "npserver", "npserver\npserver.vcxproj", "{62568449-1AA3-477C-9E35-1D30C71EFF9A}"
	ProjectSection(ProjectDependencies) = postProject
		{0020E379-728D-4107-9EFE-A43F9D1824E5} = {0020E379-728D-4107-9EFE-A43F9D1824E5}
		{0A2343C2-6FC6-43CE-9D72-8D4754C84DD7} = {0A2343C2-6FC6-43CE-9D72-8D4754C84DD7}
		{2DDCBC5E-7CF0-4B98-8528-2B35CA78F764} = {2DDCBC5E-7CF0-4B98-8528-2B35CA78F764}
		{8706B78D-B690-4040-B9C6-1972AE9DE284} = {8706B78D-B690-4040-B9C6-1972AE9DE284}
		{9538FE7B-038A-43D9-BBBD-F730013318D5} = {9538FE7B-038A-43D9-BBBD-F730013318D5}
		{A870B658-B044-4E67-9DE4-873EAC619D74} = {A870B658-B044-4E67-9DE4-873EAC619D74}
		{C8ED3A12-C68A-43FF-8891-423CC73DC7B5} = {C8ED3A12-C68A-43FF-8891-423CC73DC7B5}
		{CC734317-5E2C-42E4-8E51-D227A3A49358} = {CC734317-5E2C-42E4-8E51-D227A3A49358}
		{D754B12D-5061-4CF1-A7D7-4C373B172361} = {D754B12D-5061-4CF1-A7D7-4C373B172361}
		{E7753197-A455-458F-8553-59165F12A86A} = {E7753197-A455-458F-8553-59165F12A86A}
	EndProjectSection
EndProject
Project("{8BC9CEB8-8B4A-11D0-8D11-00A0C91BC942}") = "avr_firmware", "avr_firmware\avr_firmware.vcxproj", "{CC734317-5E2C-42E4-8E51-D227A3A49358}"
EndProject
Project("{8BC9CEB8-8B4A-11D0-8D11-00A0C91BC942}") = "avr_info", "avr_info\avr_info.vcxproj", "{D754B12D-5061-4CF1-A7D7-4C373B172361}"
EndProject
Project("{8BC9CEB8-8B4A-11D0-8D11-00A0C91BC942}") = "npsystem", "npsystem\npsystem.vcxproj", "{17F8DFCA-FF64-4F9E-ADB3-9D1181677BC1}"
	ProjectSection(ProjectDependencies) = postProject
		{0020E379-728D-4107-9EFE-A43F9D1824E5} = {0020E379-728D-4107-9EFE-A43F9D1824E5}
		{0A2343C2-6FC6-43CE-9D72-8D4754C84DD7} = {0A2343C2-6FC6-43CE-9D72-8D4754C84DD7}
		{2DDCBC5E-7CF0-4B98-8528-2B35CA78F764} = {2DDCBC5E-7CF0-4B98-8528-2B35CA78F764}
		{62568449-1AA3-477C-9E35-1D30C71EFF9A} = {62568449-1AA3-477C-9E35-1D30C71EFF9A}
		{9538FE7B-038A-43D9-BBBD-F730013318D5} = {9538FE7B-038A-43D9-BBBD-F730013318D5}
		{A870B658-B044-4E67-9DE4-873EAC619D74} = {A870B658-B044-4E67-9DE4-873EAC619D74}
		{C8ED3A12-C68A-43FF-8891-423CC73DC7B5} = {C8ED3A12-C68A-43FF-8891-423CC73DC7B5}
		{CC734317-5E2C-42E4-8E51-D227A3A49358} = {CC734317-5E2C-42E4-8E51-D227A3A49358}
		{D754B12D-5061-4CF1-A7D7-4C373B172361} = {D754B12D-5061-4CF1-A7D7-4C373B172361}
		{E7753197-A455-458F-8553-59165F12A86A} = {E7753197-A455-458F-8553-59165F12A86A}
	EndProjectSection
EndProject
Project("{8BC9CEB8-8B4A-11D0-8D11-00A0C91BC942}") = "npsys", "npsys\npsys.vcxproj", "{0020E379-728D-4107-9EFE-A43F9D1824E5}"
	ProjectSection(ProjectDependencies) = postProject
		{2DDCBC5E-7CF0-4B98-8528-2B35CA78F764} = {2DDCBC5E-7CF0-4B98-8528-2B35CA78F764}
		{A870B658-B044-4E67-9DE4-873EAC619D74} = {A870B658-B044-4E67-9DE4-873EAC619D74}
		{E7753197-A455-458F-8553-59165F12A86A} = {E7753197-A455-458F-8553-59165F12A86A}
	EndProjectSection
EndProject
Project("{8BC9CEB8-8B4A-11D0-8D11-00A0C91BC942}") = "npdbserver", "npdbserver\npdbserver.vcxproj", "{C8ED3A12-C68A-43FF-8891-423CC73DC7B5}"
	ProjectSection(ProjectDependencies) = postProject
		{0020E379-728D-4107-9EFE-A43F9D1824E5} = {0020E379-728D-4107-9EFE-A43F9D1824E5}
		{2DDCBC5E-7CF0-4B98-8528-2B35CA78F764} = {2DDCBC5E-7CF0-4B98-8528-2B35CA78F764}
		{9538FE7B-038A-43D9-BBBD-F730013318D5} = {9538FE7B-038A-43D9-BBBD-F730013318D5}
		{A870B658-B044-4E67-9DE4-873EAC619D74} = {A870B658-B044-4E67-9DE4-873EAC619D74}
		{E7753197-A455-458F-8553-59165F12A86A} = {E7753197-A455-458F-8553-59165F12A86A}
	EndProjectSection
EndProject
Project("{8BC9CEB8-8B4A-11D0-8D11-00A0C91BC942}") = "npc", "npc\npc.vcxproj", "{A870B658-B044-4E67-9DE4-873EAC619D74}"
EndProject
Project("{8BC9CEB8-8B4A-11D0-8D11-00A0C91BC942}") = "sim", "sim\sim.vcxproj", "{8706B78D-B690-4040-B9C6-1972AE9DE284}"
	ProjectSection(ProjectDependencies) = postProject
		{0A2343C2-6FC6-43CE-9D72-8D4754C84DD7} = {0A2343C2-6FC6-43CE-9D72-8D4754C84DD7}
		{9538FE7B-038A-43D9-BBBD-F730013318D5} = {9538FE7B-038A-43D9-BBBD-F730013318D5}
	EndProjectSection
EndProject
Project("{8BC9CEB8-8B4A-11D0-8D11-00A0C91BC942}") = "npdbclient", "npdbclient\npdbclient.vcxproj", "{0A2343C2-6FC6-43CE-9D72-8D4754C84DD7}"
	ProjectSection(ProjectDependencies) = postProject
		{2DDCBC5E-7CF0-4B98-8528-2B35CA78F764} = {2DDCBC5E-7CF0-4B98-8528-2B35CA78F764}
		{9538FE7B-038A-43D9-BBBD-F730013318D5} = {9538FE7B-038A-43D9-BBBD-F730013318D5}
		{A870B658-B044-4E67-9DE4-873EAC619D74} = {A870B658-B044-4E67-9DE4-873EAC619D74}
		{C8ED3A12-C68A-43FF-8891-423CC73DC7B5} = {C8ED3A12-C68A-43FF-8891-423CC73DC7B5}
		{E7753197-A455-458F-8553-59165F12A86A} = {E7753197-A455-458F-8553-59165F12A86A}
	EndProjectSection
EndProject
Project("{8BC9CEB8-8B4A-11D0-8D11-00A0C91BC942}") = "npdbstatic", "npdbstatic\npdbstatic.vcxproj", "{9538FE7B-038A-43D9-BBBD-F730013318D5}"
EndProject
Project("{8BC9CEB8-8B4A-11D0-8D11-00A0C91BC942}") = "test", "test\test.vcxproj", "{6E60D989-EB58-4D51-8FCA-D90ED1AC1767}"
	ProjectSection(ProjectDependencies) = postProject
		{0020E379-728D-4107-9EFE-A43F9D1824E5} = {0020E379-728D-4107-9EFE-A43F9D1824E5}
		{0A2343C2-6FC6-43CE-9D72-8D4754C84DD7} = {0A2343C2-6FC6-43CE-9D72-8D4754C84DD7}
		{8706B78D-B690-4040-B9C6-1972AE9DE284} = {8706B78D-B690-4040-B9C6-1972AE9DE284}
		{9538FE7B-038A-43D9-BBBD-F730013318D5} = {9538FE7B-038A-43D9-BBBD-F730013318D5}
		{A870B658-B044-4E67-9DE4-873EAC619D74} = {A870B658-B044-4E67-9DE4-873EAC619D74}
		{C8ED3A12-C68A-43FF-8891-423CC73DC7B5} = {C8ED3A12-C68A-43FF-8891-423CC73DC7B5}
		{CA36A776-4A24-4247-A391-D6C72A761AE2} = {CA36A776-4A24-4247-A391-D6C72A761AE2}
	EndProjectSection
EndProject
Project("{8BC9CEB8-8B4A-11D0-8D11-00A0C91BC942}") = "nplib", "nplib\nplib.vcxproj", "{504680FD-B84D-4346-95FD-48FF08953BE8}"
EndProject
Project("{8BC9CEB8-8B4A-11D0-8D11-00A0C91BC942}") = "make_info", "make_info\make_info.vcxproj", "{D7B2A69A-CE88-4377-8ABF-810528BADDA0}"
EndProject
Project("{2150E333-8FDC-42A3-9474-1A3956D46DE8}") = "Solution Items", "Solution Items", "{3FC91DB1-1889-4B20-897E-E9297D712C42}"
	ProjectSection(SolutionItems) = preProject
		clean_all.sh = clean_all.sh
		install_all.sh = install_all.sh
		make_all.sh = make_all.sh
	EndProjectSection
EndProject
Project("{8BC9CEB8-8B4A-11D0-8D11-00A0C91BC942}") = "npidl", "nprpc\npidl\npidl.vcxproj", "{FBDF8B72-ECBD-4E2C-9AE8-2694B5BC84CF}"
EndProject
Project("{8BC9CEB8-8B4A-11D0-8D11-00A0C91BC942}") = "npnameserver", "nprpc\npnameserver\npnameserver.vcxproj", "{7D2F66E6-B054-407F-B2C1-4F6F60674D60}"
	ProjectSection(ProjectDependencies) = postProject
		{2DDCBC5E-7CF0-4B98-8528-2B35CA78F764} = {2DDCBC5E-7CF0-4B98-8528-2B35CA78F764}
		{E7753197-A455-458F-8553-59165F12A86A} = {E7753197-A455-458F-8553-59165F12A86A}
	EndProjectSection
EndProject
Project("{8BC9CEB8-8B4A-11D0-8D11-00A0C91BC942}") = "nprpcst", "nprpc\nprpcst\nprpcst.vcxproj", "{2DDCBC5E-7CF0-4B98-8528-2B35CA78F764}"
EndProject
Project("{8BC9CEB8-8B4A-11D0-8D11-00A0C91BC942}") = "nprpc", "nprpc\nprpc.vcxproj", "{E7753197-A455-458F-8553-59165F12A86A}"
EndProject
Project("{8BC9CEB8-8B4A-11D0-8D11-00A0C91BC942}") = "npcompiler", "npcompiler\npcompiler.vcxproj", "{CA36A776-4A24-4247-A391-D6C72A761AE2}"
EndProject
Project("{8BC9CEB8-8B4A-11D0-8D11-00A0C91BC942}") = "npwebserver", "npwebserver\npwebserver.vcxproj", "{322D24E7-B4B6-4C47-94D6-6141A1501D7F}"
	ProjectSection(ProjectDependencies) = postProject
		{0020E379-728D-4107-9EFE-A43F9D1824E5} = {0020E379-728D-4107-9EFE-A43F9D1824E5}
		{0A2343C2-6FC6-43CE-9D72-8D4754C84DD7} = {0A2343C2-6FC6-43CE-9D72-8D4754C84DD7}
		{2DDCBC5E-7CF0-4B98-8528-2B35CA78F764} = {2DDCBC5E-7CF0-4B98-8528-2B35CA78F764}
		{504680FD-B84D-4346-95FD-48FF08953BE8} = {504680FD-B84D-4346-95FD-48FF08953BE8}
		{A870B658-B044-4E67-9DE4-873EAC619D74} = {A870B658-B044-4E67-9DE4-873EAC619D74}
		{E7753197-A455-458F-8553-59165F12A86A} = {E7753197-A455-458F-8553-59165F12A86A}
	EndProjectSection
EndProject
Project("{8BC9CEB8-8B4A-11D0-8D11-00A0C91BC942}") = "nprpc_test", "nprpc\nprpc_test\nprpc_test.vcxproj", "{B423B829-90D7-4894-8F61-60BAB466012C}"
	ProjectSection(ProjectDependencies) = postProject
		{2DDCBC5E-7CF0-4B98-8528-2B35CA78F764} = {2DDCBC5E-7CF0-4B98-8528-2B35CA78F764}
		{E7753197-A455-458F-8553-59165F12A86A} = {E7753197-A455-458F-8553-59165F12A86A}
	EndProjectSection
EndProject
Project("{2150E333-8FDC-42A3-9474-1A3956D46DE8}") = "3rd", "3rd", "{D58FF5D4-F8AF-4D77-9A0B-6965CFA8BF8F}"
EndProject
Project("{8BC9CEB8-8B4A-11D0-8D11-00A0C91BC942}") = "leveldb", "3rd\leveldb\leveldb.vcxproj", "{074B4F1B-F88E-4D53-8E2C-6AA6D1F0FF38}"
EndProject
Project("{8BC9CEB8-8B4A-11D0-8D11-00A0C91BC942}") = "SciLexer", "3rd\scintilla\win32\SciLexer.vcxproj", "{FBE04237-9C7B-4973-9C60-505975998B39}"
EndProject
Global
	GlobalSection(SolutionConfigurationPlatforms) = preSolution
		Debug|ARM = Debug|ARM
		Debug|ARM64 = Debug|ARM64
		Debug|x64 = Debug|x64
		Debug|x86 = Debug|x86
		Release|ARM = Release|ARM
		Release|ARM64 = Release|ARM64
		Release|x64 = Release|x64
		Release|x86 = Release|x86
	EndGlobalSection
	GlobalSection(ProjectConfigurationPlatforms) = postSolution
		{62568449-1AA3-477C-9E35-1D30C71EFF9A}.Debug|ARM.ActiveCfg = Debug|Win32
		{62568449-1AA3-477C-9E35-1D30C71EFF9A}.Debug|ARM64.ActiveCfg = Debug|Win32
		{62568449-1AA3-477C-9E35-1D30C71EFF9A}.Debug|x64.ActiveCfg = Debug|x64
		{62568449-1AA3-477C-9E35-1D30C71EFF9A}.Debug|x64.Build.0 = Debug|x64
		{62568449-1AA3-477C-9E35-1D30C71EFF9A}.Debug|x86.ActiveCfg = Debug|Win32
		{62568449-1AA3-477C-9E35-1D30C71EFF9A}.Debug|x86.Build.0 = Debug|Win32
		{62568449-1AA3-477C-9E35-1D30C71EFF9A}.Release|ARM.ActiveCfg = Release|Win32
		{62568449-1AA3-477C-9E35-1D30C71EFF9A}.Release|ARM64.ActiveCfg = Release|Win32
		{62568449-1AA3-477C-9E35-1D30C71EFF9A}.Release|x64.ActiveCfg = Release|x64
		{62568449-1AA3-477C-9E35-1D30C71EFF9A}.Release|x64.Build.0 = Release|x64
		{62568449-1AA3-477C-9E35-1D30C71EFF9A}.Release|x86.ActiveCfg = Release|Win32
		{62568449-1AA3-477C-9E35-1D30C71EFF9A}.Release|x86.Build.0 = Release|Win32
		{CC734317-5E2C-42E4-8E51-D227A3A49358}.Debug|ARM.ActiveCfg = Debug|Win32
		{CC734317-5E2C-42E4-8E51-D227A3A49358}.Debug|ARM64.ActiveCfg = Debug|Win32
		{CC734317-5E2C-42E4-8E51-D227A3A49358}.Debug|x64.ActiveCfg = Debug|x64
		{CC734317-5E2C-42E4-8E51-D227A3A49358}.Debug|x86.ActiveCfg = Debug|Win32
		{CC734317-5E2C-42E4-8E51-D227A3A49358}.Debug|x86.Build.0 = Debug|Win32
		{CC734317-5E2C-42E4-8E51-D227A3A49358}.Release|ARM.ActiveCfg = Release|Win32
		{CC734317-5E2C-42E4-8E51-D227A3A49358}.Release|ARM64.ActiveCfg = Release|Win32
		{CC734317-5E2C-42E4-8E51-D227A3A49358}.Release|x64.ActiveCfg = Release|x64
		{CC734317-5E2C-42E4-8E51-D227A3A49358}.Release|x86.ActiveCfg = Release|Win32
		{CC734317-5E2C-42E4-8E51-D227A3A49358}.Release|x86.Build.0 = Release|Win32
		{D754B12D-5061-4CF1-A7D7-4C373B172361}.Debug|ARM.ActiveCfg = Debug|Win32
		{D754B12D-5061-4CF1-A7D7-4C373B172361}.Debug|ARM64.ActiveCfg = Debug|Win32
		{D754B12D-5061-4CF1-A7D7-4C373B172361}.Debug|x64.ActiveCfg = Debug|x64
		{D754B12D-5061-4CF1-A7D7-4C373B172361}.Debug|x64.Build.0 = Debug|x64
		{D754B12D-5061-4CF1-A7D7-4C373B172361}.Debug|x86.ActiveCfg = Debug|Win32
		{D754B12D-5061-4CF1-A7D7-4C373B172361}.Debug|x86.Build.0 = Debug|Win32
		{D754B12D-5061-4CF1-A7D7-4C373B172361}.Release|ARM.ActiveCfg = Release|Win32
		{D754B12D-5061-4CF1-A7D7-4C373B172361}.Release|ARM64.ActiveCfg = Release|Win32
		{D754B12D-5061-4CF1-A7D7-4C373B172361}.Release|x64.ActiveCfg = Release|x64
		{D754B12D-5061-4CF1-A7D7-4C373B172361}.Release|x64.Build.0 = Release|x64
		{D754B12D-5061-4CF1-A7D7-4C373B172361}.Release|x86.ActiveCfg = Release|Win32
		{D754B12D-5061-4CF1-A7D7-4C373B172361}.Release|x86.Build.0 = Release|Win32
		{17F8DFCA-FF64-4F9E-ADB3-9D1181677BC1}.Debug|ARM.ActiveCfg = Debug|Win32
		{17F8DFCA-FF64-4F9E-ADB3-9D1181677BC1}.Debug|ARM64.ActiveCfg = Debug|Win32
		{17F8DFCA-FF64-4F9E-ADB3-9D1181677BC1}.Debug|x64.ActiveCfg = Debug|x64
		{17F8DFCA-FF64-4F9E-ADB3-9D1181677BC1}.Debug|x64.Build.0 = Debug|x64
		{17F8DFCA-FF64-4F9E-ADB3-9D1181677BC1}.Debug|x86.ActiveCfg = Debug|Win32
		{17F8DFCA-FF64-4F9E-ADB3-9D1181677BC1}.Debug|x86.Build.0 = Debug|Win32
		{17F8DFCA-FF64-4F9E-ADB3-9D1181677BC1}.Release|ARM.ActiveCfg = Release|Win32
		{17F8DFCA-FF64-4F9E-ADB3-9D1181677BC1}.Release|ARM64.ActiveCfg = Release|Win32
		{17F8DFCA-FF64-4F9E-ADB3-9D1181677BC1}.Release|x64.ActiveCfg = Release|x64
		{17F8DFCA-FF64-4F9E-ADB3-9D1181677BC1}.Release|x64.Build.0 = Release|x64
		{17F8DFCA-FF64-4F9E-ADB3-9D1181677BC1}.Release|x86.ActiveCfg = Release|Win32
		{17F8DFCA-FF64-4F9E-ADB3-9D1181677BC1}.Release|x86.Build.0 = Release|Win32
		{0020E379-728D-4107-9EFE-A43F9D1824E5}.Debug|ARM.ActiveCfg = Debug|Win32
		{0020E379-728D-4107-9EFE-A43F9D1824E5}.Debug|ARM64.ActiveCfg = Debug|Win32
		{0020E379-728D-4107-9EFE-A43F9D1824E5}.Debug|x64.ActiveCfg = Debug|x64
		{0020E379-728D-4107-9EFE-A43F9D1824E5}.Debug|x64.Build.0 = Debug|x64
		{0020E379-728D-4107-9EFE-A43F9D1824E5}.Debug|x86.ActiveCfg = Debug|Win32
		{0020E379-728D-4107-9EFE-A43F9D1824E5}.Debug|x86.Build.0 = Debug|Win32
		{0020E379-728D-4107-9EFE-A43F9D1824E5}.Release|ARM.ActiveCfg = Release|Win32
		{0020E379-728D-4107-9EFE-A43F9D1824E5}.Release|ARM64.ActiveCfg = Release|Win32
		{0020E379-728D-4107-9EFE-A43F9D1824E5}.Release|x64.ActiveCfg = Release|x64
		{0020E379-728D-4107-9EFE-A43F9D1824E5}.Release|x64.Build.0 = Release|x64
		{0020E379-728D-4107-9EFE-A43F9D1824E5}.Release|x86.ActiveCfg = Release|Win32
		{0020E379-728D-4107-9EFE-A43F9D1824E5}.Release|x86.Build.0 = Release|Win32
		{C8ED3A12-C68A-43FF-8891-423CC73DC7B5}.Debug|ARM.ActiveCfg = Debug|Win32
		{C8ED3A12-C68A-43FF-8891-423CC73DC7B5}.Debug|ARM64.ActiveCfg = Debug|Win32
		{C8ED3A12-C68A-43FF-8891-423CC73DC7B5}.Debug|x64.ActiveCfg = Debug|x64
		{C8ED3A12-C68A-43FF-8891-423CC73DC7B5}.Debug|x64.Build.0 = Debug|x64
		{C8ED3A12-C68A-43FF-8891-423CC73DC7B5}.Debug|x86.ActiveCfg = Debug|Win32
		{C8ED3A12-C68A-43FF-8891-423CC73DC7B5}.Debug|x86.Build.0 = Debug|Win32
		{C8ED3A12-C68A-43FF-8891-423CC73DC7B5}.Release|ARM.ActiveCfg = Release|Win32
		{C8ED3A12-C68A-43FF-8891-423CC73DC7B5}.Release|ARM64.ActiveCfg = Release|Win32
		{C8ED3A12-C68A-43FF-8891-423CC73DC7B5}.Release|x64.ActiveCfg = Release|x64
		{C8ED3A12-C68A-43FF-8891-423CC73DC7B5}.Release|x64.Build.0 = Release|x64
		{C8ED3A12-C68A-43FF-8891-423CC73DC7B5}.Release|x86.ActiveCfg = Release|Win32
		{C8ED3A12-C68A-43FF-8891-423CC73DC7B5}.Release|x86.Build.0 = Release|Win32
		{A870B658-B044-4E67-9DE4-873EAC619D74}.Debug|ARM.ActiveCfg = Debug|Win32
		{A870B658-B044-4E67-9DE4-873EAC619D74}.Debug|ARM64.ActiveCfg = Debug|Win32
		{A870B658-B044-4E67-9DE4-873EAC619D74}.Debug|x64.ActiveCfg = Debug|x64
		{A870B658-B044-4E67-9DE4-873EAC619D74}.Debug|x64.Build.0 = Debug|x64
		{A870B658-B044-4E67-9DE4-873EAC619D74}.Debug|x86.ActiveCfg = Debug|Win32
		{A870B658-B044-4E67-9DE4-873EAC619D74}.Debug|x86.Build.0 = Debug|Win32
		{A870B658-B044-4E67-9DE4-873EAC619D74}.Release|ARM.ActiveCfg = Release|Win32
		{A870B658-B044-4E67-9DE4-873EAC619D74}.Release|ARM64.ActiveCfg = Release|Win32
		{A870B658-B044-4E67-9DE4-873EAC619D74}.Release|x64.ActiveCfg = Release|x64
		{A870B658-B044-4E67-9DE4-873EAC619D74}.Release|x64.Build.0 = Release|x64
		{A870B658-B044-4E67-9DE4-873EAC619D74}.Release|x86.ActiveCfg = Release|Win32
		{A870B658-B044-4E67-9DE4-873EAC619D74}.Release|x86.Build.0 = Release|Win32
		{8706B78D-B690-4040-B9C6-1972AE9DE284}.Debug|ARM.ActiveCfg = Debug|Win32
		{8706B78D-B690-4040-B9C6-1972AE9DE284}.Debug|ARM64.ActiveCfg = Debug|Win32
		{8706B78D-B690-4040-B9C6-1972AE9DE284}.Debug|x64.ActiveCfg = Debug|x64
		{8706B78D-B690-4040-B9C6-1972AE9DE284}.Debug|x64.Build.0 = Debug|x64
		{8706B78D-B690-4040-B9C6-1972AE9DE284}.Debug|x86.ActiveCfg = Debug|Win32
		{8706B78D-B690-4040-B9C6-1972AE9DE284}.Debug|x86.Build.0 = Debug|Win32
		{8706B78D-B690-4040-B9C6-1972AE9DE284}.Release|ARM.ActiveCfg = Release|Win32
		{8706B78D-B690-4040-B9C6-1972AE9DE284}.Release|ARM64.ActiveCfg = Release|Win32
		{8706B78D-B690-4040-B9C6-1972AE9DE284}.Release|x64.ActiveCfg = Release|x64
		{8706B78D-B690-4040-B9C6-1972AE9DE284}.Release|x64.Build.0 = Release|x64
		{8706B78D-B690-4040-B9C6-1972AE9DE284}.Release|x86.ActiveCfg = Release|Win32
		{8706B78D-B690-4040-B9C6-1972AE9DE284}.Release|x86.Build.0 = Release|Win32
		{0A2343C2-6FC6-43CE-9D72-8D4754C84DD7}.Debug|ARM.ActiveCfg = Debug|Win32
		{0A2343C2-6FC6-43CE-9D72-8D4754C84DD7}.Debug|ARM64.ActiveCfg = Debug|Win32
		{0A2343C2-6FC6-43CE-9D72-8D4754C84DD7}.Debug|x64.ActiveCfg = Debug|x64
		{0A2343C2-6FC6-43CE-9D72-8D4754C84DD7}.Debug|x64.Build.0 = Debug|x64
		{0A2343C2-6FC6-43CE-9D72-8D4754C84DD7}.Debug|x86.ActiveCfg = Debug|Win32
		{0A2343C2-6FC6-43CE-9D72-8D4754C84DD7}.Debug|x86.Build.0 = Debug|Win32
		{0A2343C2-6FC6-43CE-9D72-8D4754C84DD7}.Release|ARM.ActiveCfg = Release|Win32
		{0A2343C2-6FC6-43CE-9D72-8D4754C84DD7}.Release|ARM64.ActiveCfg = Release|Win32
		{0A2343C2-6FC6-43CE-9D72-8D4754C84DD7}.Release|x64.ActiveCfg = Release|x64
		{0A2343C2-6FC6-43CE-9D72-8D4754C84DD7}.Release|x64.Build.0 = Release|x64
		{0A2343C2-6FC6-43CE-9D72-8D4754C84DD7}.Release|x86.ActiveCfg = Release|Win32
		{0A2343C2-6FC6-43CE-9D72-8D4754C84DD7}.Release|x86.Build.0 = Release|Win32
		{9538FE7B-038A-43D9-BBBD-F730013318D5}.Debug|ARM.ActiveCfg = Debug|Win32
		{9538FE7B-038A-43D9-BBBD-F730013318D5}.Debug|ARM64.ActiveCfg = Debug|Win32
		{9538FE7B-038A-43D9-BBBD-F730013318D5}.Debug|x64.ActiveCfg = Debug|x64
		{9538FE7B-038A-43D9-BBBD-F730013318D5}.Debug|x64.Build.0 = Debug|x64
		{9538FE7B-038A-43D9-BBBD-F730013318D5}.Debug|x86.ActiveCfg = Debug|Win32
		{9538FE7B-038A-43D9-BBBD-F730013318D5}.Debug|x86.Build.0 = Debug|Win32
		{9538FE7B-038A-43D9-BBBD-F730013318D5}.Release|ARM.ActiveCfg = Release|Win32
		{9538FE7B-038A-43D9-BBBD-F730013318D5}.Release|ARM64.ActiveCfg = Release|Win32
		{9538FE7B-038A-43D9-BBBD-F730013318D5}.Release|x64.ActiveCfg = Release|x64
		{9538FE7B-038A-43D9-BBBD-F730013318D5}.Release|x64.Build.0 = Release|x64
		{9538FE7B-038A-43D9-BBBD-F730013318D5}.Release|x86.ActiveCfg = Release|Win32
		{9538FE7B-038A-43D9-BBBD-F730013318D5}.Release|x86.Build.0 = Release|Win32
		{6E60D989-EB58-4D51-8FCA-D90ED1AC1767}.Debug|ARM.ActiveCfg = Debug|Win32
		{6E60D989-EB58-4D51-8FCA-D90ED1AC1767}.Debug|ARM64.ActiveCfg = Debug|Win32
		{6E60D989-EB58-4D51-8FCA-D90ED1AC1767}.Debug|x64.ActiveCfg = Debug|x64
		{6E60D989-EB58-4D51-8FCA-D90ED1AC1767}.Debug|x64.Build.0 = Debug|x64
		{6E60D989-EB58-4D51-8FCA-D90ED1AC1767}.Debug|x86.ActiveCfg = Debug|Win32
		{6E60D989-EB58-4D51-8FCA-D90ED1AC1767}.Debug|x86.Build.0 = Debug|Win32
		{6E60D989-EB58-4D51-8FCA-D90ED1AC1767}.Release|ARM.ActiveCfg = Release|Win32
		{6E60D989-EB58-4D51-8FCA-D90ED1AC1767}.Release|ARM64.ActiveCfg = Release|Win32
		{6E60D989-EB58-4D51-8FCA-D90ED1AC1767}.Release|x64.ActiveCfg = Release|x64
		{6E60D989-EB58-4D51-8FCA-D90ED1AC1767}.Release|x64.Build.0 = Release|x64
		{6E60D989-EB58-4D51-8FCA-D90ED1AC1767}.Release|x86.ActiveCfg = Release|Win32
		{6E60D989-EB58-4D51-8FCA-D90ED1AC1767}.Release|x86.Build.0 = Release|Win32
		{504680FD-B84D-4346-95FD-48FF08953BE8}.Debug|ARM.ActiveCfg = Debug|Win32
		{504680FD-B84D-4346-95FD-48FF08953BE8}.Debug|ARM64.ActiveCfg = Debug|Win32
		{504680FD-B84D-4346-95FD-48FF08953BE8}.Debug|x64.ActiveCfg = Debug|x64
		{504680FD-B84D-4346-95FD-48FF08953BE8}.Debug|x64.Build.0 = Debug|x64
		{504680FD-B84D-4346-95FD-48FF08953BE8}.Debug|x86.ActiveCfg = Debug|Win32
		{504680FD-B84D-4346-95FD-48FF08953BE8}.Debug|x86.Build.0 = Debug|Win32
		{504680FD-B84D-4346-95FD-48FF08953BE8}.Release|ARM.ActiveCfg = Release|Win32
		{504680FD-B84D-4346-95FD-48FF08953BE8}.Release|ARM64.ActiveCfg = Release|Win32
		{504680FD-B84D-4346-95FD-48FF08953BE8}.Release|x64.ActiveCfg = Release|x64
		{504680FD-B84D-4346-95FD-48FF08953BE8}.Release|x64.Build.0 = Release|x64
		{504680FD-B84D-4346-95FD-48FF08953BE8}.Release|x86.ActiveCfg = Release|Win32
		{504680FD-B84D-4346-95FD-48FF08953BE8}.Release|x86.Build.0 = Release|Win32
		{D7B2A69A-CE88-4377-8ABF-810528BADDA0}.Debug|ARM.ActiveCfg = Debug|Win32
		{D7B2A69A-CE88-4377-8ABF-810528BADDA0}.Debug|ARM64.ActiveCfg = Debug|Win32
		{D7B2A69A-CE88-4377-8ABF-810528BADDA0}.Debug|x64.ActiveCfg = Debug|x64
		{D7B2A69A-CE88-4377-8ABF-810528BADDA0}.Debug|x64.Build.0 = Debug|x64
		{D7B2A69A-CE88-4377-8ABF-810528BADDA0}.Debug|x86.ActiveCfg = Debug|Win32
		{D7B2A69A-CE88-4377-8ABF-810528BADDA0}.Debug|x86.Build.0 = Debug|Win32
		{D7B2A69A-CE88-4377-8ABF-810528BADDA0}.Release|ARM.ActiveCfg = Release|Win32
		{D7B2A69A-CE88-4377-8ABF-810528BADDA0}.Release|ARM64.ActiveCfg = Release|Win32
		{D7B2A69A-CE88-4377-8ABF-810528BADDA0}.Release|x64.ActiveCfg = Release|x64
		{D7B2A69A-CE88-4377-8ABF-810528BADDA0}.Release|x64.Build.0 = Release|x64
		{D7B2A69A-CE88-4377-8ABF-810528BADDA0}.Release|x86.ActiveCfg = Release|Win32
		{D7B2A69A-CE88-4377-8ABF-810528BADDA0}.Release|x86.Build.0 = Release|Win32
		{FBDF8B72-ECBD-4E2C-9AE8-2694B5BC84CF}.Debug|ARM.ActiveCfg = Debug|Win32
		{FBDF8B72-ECBD-4E2C-9AE8-2694B5BC84CF}.Debug|ARM64.ActiveCfg = Debug|Win32
		{FBDF8B72-ECBD-4E2C-9AE8-2694B5BC84CF}.Debug|x64.ActiveCfg = Debug|x64
		{FBDF8B72-ECBD-4E2C-9AE8-2694B5BC84CF}.Debug|x64.Build.0 = Debug|x64
		{FBDF8B72-ECBD-4E2C-9AE8-2694B5BC84CF}.Debug|x86.ActiveCfg = Debug|Win32
		{FBDF8B72-ECBD-4E2C-9AE8-2694B5BC84CF}.Debug|x86.Build.0 = Debug|Win32
		{FBDF8B72-ECBD-4E2C-9AE8-2694B5BC84CF}.Release|ARM.ActiveCfg = Release|Win32
		{FBDF8B72-ECBD-4E2C-9AE8-2694B5BC84CF}.Release|ARM64.ActiveCfg = Release|Win32
		{FBDF8B72-ECBD-4E2C-9AE8-2694B5BC84CF}.Release|x64.ActiveCfg = Release|x64
		{FBDF8B72-ECBD-4E2C-9AE8-2694B5BC84CF}.Release|x64.Build.0 = Release|x64
		{FBDF8B72-ECBD-4E2C-9AE8-2694B5BC84CF}.Release|x86.ActiveCfg = Release|Win32
		{FBDF8B72-ECBD-4E2C-9AE8-2694B5BC84CF}.Release|x86.Build.0 = Release|Win32
		{7D2F66E6-B054-407F-B2C1-4F6F60674D60}.Debug|ARM.ActiveCfg = Debug|Win32
		{7D2F66E6-B054-407F-B2C1-4F6F60674D60}.Debug|ARM64.ActiveCfg = Debug|Win32
		{7D2F66E6-B054-407F-B2C1-4F6F60674D60}.Debug|x64.ActiveCfg = Debug|x64
		{7D2F66E6-B054-407F-B2C1-4F6F60674D60}.Debug|x64.Build.0 = Debug|x64
		{7D2F66E6-B054-407F-B2C1-4F6F60674D60}.Debug|x86.ActiveCfg = Debug|Win32
		{7D2F66E6-B054-407F-B2C1-4F6F60674D60}.Debug|x86.Build.0 = Debug|Win32
		{7D2F66E6-B054-407F-B2C1-4F6F60674D60}.Release|ARM.ActiveCfg = Release|Win32
		{7D2F66E6-B054-407F-B2C1-4F6F60674D60}.Release|ARM64.ActiveCfg = Release|Win32
		{7D2F66E6-B054-407F-B2C1-4F6F60674D60}.Release|x64.ActiveCfg = Release|x64
		{7D2F66E6-B054-407F-B2C1-4F6F60674D60}.Release|x64.Build.0 = Release|x64
		{7D2F66E6-B054-407F-B2C1-4F6F60674D60}.Release|x86.ActiveCfg = Release|Win32
		{7D2F66E6-B054-407F-B2C1-4F6F60674D60}.Release|x86.Build.0 = Release|Win32
		{2DDCBC5E-7CF0-4B98-8528-2B35CA78F764}.Debug|ARM.ActiveCfg = Debug|Win32
		{2DDCBC5E-7CF0-4B98-8528-2B35CA78F764}.Debug|ARM64.ActiveCfg = Debug|Win32
		{2DDCBC5E-7CF0-4B98-8528-2B35CA78F764}.Debug|x64.ActiveCfg = Debug|x64
		{2DDCBC5E-7CF0-4B98-8528-2B35CA78F764}.Debug|x64.Build.0 = Debug|x64
		{2DDCBC5E-7CF0-4B98-8528-2B35CA78F764}.Debug|x86.ActiveCfg = Debug|Win32
		{2DDCBC5E-7CF0-4B98-8528-2B35CA78F764}.Debug|x86.Build.0 = Debug|Win32
		{2DDCBC5E-7CF0-4B98-8528-2B35CA78F764}.Release|ARM.ActiveCfg = Release|Win32
		{2DDCBC5E-7CF0-4B98-8528-2B35CA78F764}.Release|ARM64.ActiveCfg = Release|Win32
		{2DDCBC5E-7CF0-4B98-8528-2B35CA78F764}.Release|x64.ActiveCfg = Release|x64
		{2DDCBC5E-7CF0-4B98-8528-2B35CA78F764}.Release|x64.Build.0 = Release|x64
		{2DDCBC5E-7CF0-4B98-8528-2B35CA78F764}.Release|x86.ActiveCfg = Release|Win32
		{2DDCBC5E-7CF0-4B98-8528-2B35CA78F764}.Release|x86.Build.0 = Release|Win32
		{E7753197-A455-458F-8553-59165F12A86A}.Debug|ARM.ActiveCfg = Debug|Win32
		{E7753197-A455-458F-8553-59165F12A86A}.Debug|ARM64.ActiveCfg = Debug|Win32
		{E7753197-A455-458F-8553-59165F12A86A}.Debug|x64.ActiveCfg = Debug|x64
		{E7753197-A455-458F-8553-59165F12A86A}.Debug|x64.Build.0 = Debug|x64
		{E7753197-A455-458F-8553-59165F12A86A}.Debug|x86.ActiveCfg = Debug|Win32
		{E7753197-A455-458F-8553-59165F12A86A}.Debug|x86.Build.0 = Debug|Win32
		{E7753197-A455-458F-8553-59165F12A86A}.Release|ARM.ActiveCfg = Release|Win32
		{E7753197-A455-458F-8553-59165F12A86A}.Release|ARM64.ActiveCfg = Release|Win32
		{E7753197-A455-458F-8553-59165F12A86A}.Release|x64.ActiveCfg = Release|x64
		{E7753197-A455-458F-8553-59165F12A86A}.Release|x64.Build.0 = Release|x64
		{E7753197-A455-458F-8553-59165F12A86A}.Release|x86.ActiveCfg = Release|Win32
		{E7753197-A455-458F-8553-59165F12A86A}.Release|x86.Build.0 = Release|Win32
		{CA36A776-4A24-4247-A391-D6C72A761AE2}.Debug|ARM.ActiveCfg = Debug|Win32
		{CA36A776-4A24-4247-A391-D6C72A761AE2}.Debug|ARM64.ActiveCfg = Debug|Win32
		{CA36A776-4A24-4247-A391-D6C72A761AE2}.Debug|x64.ActiveCfg = Debug|x64
		{CA36A776-4A24-4247-A391-D6C72A761AE2}.Debug|x64.Build.0 = Debug|x64
		{CA36A776-4A24-4247-A391-D6C72A761AE2}.Debug|x86.ActiveCfg = Debug|Win32
		{CA36A776-4A24-4247-A391-D6C72A761AE2}.Debug|x86.Build.0 = Debug|Win32
		{CA36A776-4A24-4247-A391-D6C72A761AE2}.Release|ARM.ActiveCfg = Release|Win32
		{CA36A776-4A24-4247-A391-D6C72A761AE2}.Release|ARM64.ActiveCfg = Release|Win32
		{CA36A776-4A24-4247-A391-D6C72A761AE2}.Release|x64.ActiveCfg = Release|x64
		{CA36A776-4A24-4247-A391-D6C72A761AE2}.Release|x64.Build.0 = Release|x64
		{CA36A776-4A24-4247-A391-D6C72A761AE2}.Release|x86.ActiveCfg = Release|Win32
		{CA36A776-4A24-4247-A391-D6C72A761AE2}.Release|x86.Build.0 = Release|Win32
		{322D24E7-B4B6-4C47-94D6-6141A1501D7F}.Debug|ARM.ActiveCfg = Debug|Win32
		{322D24E7-B4B6-4C47-94D6-6141A1501D7F}.Debug|ARM64.ActiveCfg = Debug|Win32
		{322D24E7-B4B6-4C47-94D6-6141A1501D7F}.Debug|x64.ActiveCfg = Debug|x64
		{322D24E7-B4B6-4C47-94D6-6141A1501D7F}.Debug|x64.Build.0 = Debug|x64
		{322D24E7-B4B6-4C47-94D6-6141A1501D7F}.Debug|x86.ActiveCfg = Debug|Win32
		{322D24E7-B4B6-4C47-94D6-6141A1501D7F}.Debug|x86.Build.0 = Debug|Win32
		{322D24E7-B4B6-4C47-94D6-6141A1501D7F}.Release|ARM.ActiveCfg = Release|Win32
		{322D24E7-B4B6-4C47-94D6-6141A1501D7F}.Release|ARM64.ActiveCfg = Release|Win32
		{322D24E7-B4B6-4C47-94D6-6141A1501D7F}.Release|x64.ActiveCfg = Release|x64
		{322D24E7-B4B6-4C47-94D6-6141A1501D7F}.Release|x64.Build.0 = Release|x64
		{322D24E7-B4B6-4C47-94D6-6141A1501D7F}.Release|x86.ActiveCfg = Release|Win32
		{322D24E7-B4B6-4C47-94D6-6141A1501D7F}.Release|x86.Build.0 = Release|Win32
		{B423B829-90D7-4894-8F61-60BAB466012C}.Debug|ARM.ActiveCfg = Debug|x64
		{B423B829-90D7-4894-8F61-60BAB466012C}.Debug|ARM.Build.0 = Debug|x64
		{B423B829-90D7-4894-8F61-60BAB466012C}.Debug|ARM64.ActiveCfg = Debug|x64
		{B423B829-90D7-4894-8F61-60BAB466012C}.Debug|ARM64.Build.0 = Debug|x64
		{B423B829-90D7-4894-8F61-60BAB466012C}.Debug|x64.ActiveCfg = Debug|x64
		{B423B829-90D7-4894-8F61-60BAB466012C}.Debug|x64.Build.0 = Debug|x64
		{B423B829-90D7-4894-8F61-60BAB466012C}.Debug|x86.ActiveCfg = Debug|Win32
		{B423B829-90D7-4894-8F61-60BAB466012C}.Debug|x86.Build.0 = Debug|Win32
		{B423B829-90D7-4894-8F61-60BAB466012C}.Release|ARM.ActiveCfg = Release|x64
		{B423B829-90D7-4894-8F61-60BAB466012C}.Release|ARM.Build.0 = Release|x64
		{B423B829-90D7-4894-8F61-60BAB466012C}.Release|ARM64.ActiveCfg = Release|x64
		{B423B829-90D7-4894-8F61-60BAB466012C}.Release|ARM64.Build.0 = Release|x64
		{B423B829-90D7-4894-8F61-60BAB466012C}.Release|x64.ActiveCfg = Release|x64
		{B423B829-90D7-4894-8F61-60BAB466012C}.Release|x64.Build.0 = Release|x64
		{B423B829-90D7-4894-8F61-60BAB466012C}.Release|x86.ActiveCfg = Release|Win32
		{B423B829-90D7-4894-8F61-60BAB466012C}.Release|x86.Build.0 = Release|Win32
		{074B4F1B-F88E-4D53-8E2C-6AA6D1F0FF38}.Debug|ARM.ActiveCfg = Debug|x64
		{074B4F1B-F88E-4D53-8E2C-6AA6D1F0FF38}.Debug|ARM.Build.0 = Debug|x64
		{074B4F1B-F88E-4D53-8E2C-6AA6D1F0FF38}.Debug|ARM64.ActiveCfg = Debug|x64
		{074B4F1B-F88E-4D53-8E2C-6AA6D1F0FF38}.Debug|ARM64.Build.0 = Debug|x64
		{074B4F1B-F88E-4D53-8E2C-6AA6D1F0FF38}.Debug|x64.ActiveCfg = Debug|x64
		{074B4F1B-F88E-4D53-8E2C-6AA6D1F0FF38}.Debug|x64.Build.0 = Debug|x64
		{074B4F1B-F88E-4D53-8E2C-6AA6D1F0FF38}.Debug|x86.ActiveCfg = Debug|Win32
		{074B4F1B-F88E-4D53-8E2C-6AA6D1F0FF38}.Debug|x86.Build.0 = Debug|Win32
		{074B4F1B-F88E-4D53-8E2C-6AA6D1F0FF38}.Release|ARM.ActiveCfg = Release|x64
		{074B4F1B-F88E-4D53-8E2C-6AA6D1F0FF38}.Release|ARM.Build.0 = Release|x64
		{074B4F1B-F88E-4D53-8E2C-6AA6D1F0FF38}.Release|ARM64.ActiveCfg = Release|x64
		{074B4F1B-F88E-4D53-8E2C-6AA6D1F0FF38}.Release|ARM64.Build.0 = Release|x64
		{074B4F1B-F88E-4D53-8E2C-6AA6D1F0FF38}.Release|x64.ActiveCfg = Release|x64
		{074B4F1B-F88E-4D53-8E2C-6AA6D1F0FF38}.Release|x64.Build.0 = Release|x64
		{074B4F1B-F88E-4D53-8E2C-6AA6D1F0FF38}.Release|x86.ActiveCfg = Release|Win32
		{074B4F1B-F88E-4D53-8E2C-6AA6D1F0FF38}.Release|x86.Build.0 = Release|Win32
		{FBE04237-9C7B-4973-9C60-505975998B39}.Debug|ARM.ActiveCfg = Debug|x64
		{FBE04237-9C7B-4973-9C60-505975998B39}.Debug|ARM.Build.0 = Debug|x64
		{FBE04237-9C7B-4973-9C60-505975998B39}.Debug|ARM64.ActiveCfg = Debug|x64
		{FBE04237-9C7B-4973-9C60-505975998B39}.Debug|ARM64.Build.0 = Debug|x64
		{FBE04237-9C7B-4973-9C60-505975998B39}.Debug|x64.ActiveCfg = Debug|x64
		{FBE04237-9C7B-4973-9C60-505975998B39}.Debug|x64.Build.0 = Debug|x64
		{FBE04237-9C7B-4973-9C60-505975998B39}.Debug|x86.ActiveCfg = Debug|Win32
		{FBE04237-9C7B-4973-9C60-505975998B39}.Debug|x86.Build.0 = Debug|Win32
		{FBE04237-9C7B-4973-9C60-505975998B39}.Release|ARM.ActiveCfg = Release|x64
		{FBE04237-9C7B-4973-9C60-505975998B39}.Release|ARM.Build.0 = Release|x64
		{FBE04237-9C7B-4973-9C60-505975998B39}.Release|ARM64.ActiveCfg = Release|x64
		{FBE04237-9C7B-4973-9C60-505975998B39}.Release|ARM64.Build.0 = Release|x64
		{FBE04237-9C7B-4973-9C60-505975998B39}.Release|x64.ActiveCfg = Release|x64
		{FBE04237-9C7B-4973-9C60-505975998B39}.Release|x64.Build.0 = Release|x64
		{FBE04237-9C7B-4973-9C60-505975998B39}.Release|x86.ActiveCfg = Release|Win32
		{FBE04237-9C7B-4973-9C60-505975998B39}.Release|x86.Build.0 = Release|Win32
	EndGlobalSection
	GlobalSection(SolutionProperties) = preSolution
		HideSolutionNode = FALSE
	EndGlobalSection
	GlobalSection(NestedProjects) = preSolution
		{074B4F1B-F88E-4D53-8E2C-6AA6D1F0FF38} = {D58FF5D4-F8AF-4D77-9A0B-6965CFA8BF8F}
		{FBE04237-9C7B-4973-9C60-505975998B39} = {D58FF5D4-F8AF-4D77-9A0B-6965CFA8BF8F}
	EndGlobalSection
	GlobalSection(ExtensibilityGlobals) = postSolution
		VisualSVNWorkingCopyRoot = .
		SolutionGuid = {A5F3F734-376E-4D3E-A48F-E4E88936082F}
	EndGlobalSection
EndGlobal
