<?xml version="1.0" encoding="utf-8"?>
<Project ToolsVersion="4.0" xmlns="http://schemas.microsoft.com/developer/msbuild/2003">
  <ItemGroup>
    <Filter Include="src">
      <UniqueIdentifier>{cec9d670-bc3a-4ea9-b747-a888d8a0fe44}</UniqueIdentifier>
    </Filter>
    <Filter Include="src\cfg">
      <UniqueIdentifier>{02badf6f-7ab6-49b8-bf3a-a1343f26468c}</UniqueIdentifier>
    </Filter>
    <Filter Include="src\tcpip">
      <UniqueIdentifier>{17026bae-f57f-4b82-8981-b7df67014299}</UniqueIdentifier>
    </Filter>
    <Filter Include="ldscripts">
      <UniqueIdentifier>{eeb7b5cb-c106-4d45-9a9f-7fb72cb40967}</UniqueIdentifier>
    </Filter>
    <Filter Include="generated">
      <UniqueIdentifier>{85830fd8-da18-49ce-9140-b446e1199d2d}</UniqueIdentifier>
    </Filter>
    <Filter Include="makefiles">
      <UniqueIdentifier>{91c5083c-5a52-4c47-8804-f4af0302f20b}</UniqueIdentifier>
    </Filter>
    <Filter Include="makefiles\m16">
      <UniqueIdentifier>{6999a15f-50dc-4a1e-b6f6-e1f995e0e955}</UniqueIdentifier>
    </Filter>
    <Filter Include="makefiles\m8">
      <UniqueIdentifier>{db428bea-0c18-49d9-8e78-ce82ff317604}</UniqueIdentifier>
    </Filter>
    <Filter Include="makefiles\pc-link">
      <UniqueIdentifier>{49b0179c-724d-4b28-addd-1c2b730db0bf}</UniqueIdentifier>
    </Filter>
    <Filter Include="makefiles\m16v">
      <UniqueIdentifier>{a578d6f5-328a-4be6-b4e7-3d5a4b38ab0a}</UniqueIdentifier>
    </Filter>
    <Filter Include="makefiles\m8v">
      <UniqueIdentifier>{ca550ec7-6851-4617-813d-ec2ce6f9fb03}</UniqueIdentifier>
    </Filter>
  </ItemGroup>
  <ItemGroup>
    <ClInclude Include="src\cfg\config.h">
      <Filter>src\cfg</Filter>
    </ClInclude>
    <ClInclude Include="src\tcpip\enc28j60.h">
      <Filter>src\tcpip</Filter>
    </ClInclude>
    <ClInclude Include="src\tcpip\lan.h">
      <Filter>src\tcpip</Filter>
    </ClInclude>
    <ClInclude Include="src\msvc.h">
      <Filter>src</Filter>
    </ClInclude>
    <ClInclude Include="generated\m8.h">
      <Filter>generated</Filter>
    </ClInclude>
    <ClInclude Include="generated\m16.h">
      <Filter>generated</Filter>
    </ClInclude>
    <ClInclude Include="src\cfg\hconfig_m8.h">
      <Filter>src\cfg</Filter>
    </ClInclude>
    <ClInclude Include="src\cfg\hconfig_m16.h">
      <Filter>src\cfg</Filter>
    </ClInclude>
    <ClInclude Include="src\cfg\sconfig_m8.h">
      <Filter>src\cfg</Filter>
    </ClInclude>
    <ClInclude Include="src\cfg\sconfig_m16.h">
      <Filter>src\cfg</Filter>
    </ClInclude>
    <ClInclude Include="generated\m8v.h">
      <Filter>generated</Filter>
    </ClInclude>
    <ClInclude Include="generated\m16v.h">
      <Filter>generated</Filter>
    </ClInclude>
    <ClInclude Include="generated\pc-link-virtual.h" />
    <ClInclude Include="generated\pc-link.h" />
    <ClInclude Include="include\avr_firmware\core.h">
      <Filter>src</Filter>
    </ClInclude>
    <ClInclude Include="include\avr_firmware\net.h">
      <Filter>src</Filter>
    </ClInclude>
    <ClInclude Include="include\avr_firmware\twi.h">
      <Filter>src</Filter>
    </ClInclude>
    <ClInclude Include="include\avr_firmware\net_dbg.h" />
    <ClInclude Include="src\pclink\timers.h" />
  </ItemGroup>
  <ItemGroup>
    <ClCompile Include="src\core_c.c">
      <Filter>src</Filter>
    </ClCompile>
    <ClCompile Include="src\twi.c">
      <Filter>src</Filter>
    </ClCompile>
    <ClCompile Include="src\tcpip\enc28j60.c">
      <Filter>src\tcpip</Filter>
    </ClCompile>
    <ClCompile Include="src\tcpip\lan.c">
      <Filter>src\tcpip</Filter>
    </ClCompile>
    <ClCompile Include="src\pc_link.c">
      <Filter>src</Filter>
    </ClCompile>
    <ClCompile Include="src\net_c.c">
      <Filter>src</Filter>
    </ClCompile>
    <ClCompile Include="src\pc_link_v.c" />
    <ClCompile Include="src\pclink\timers.c" />
    <ClCompile Include="gen-map-pc-link.pl" />
  </ItemGroup>
  <ItemGroup>
    <None Include="src\core_s.S">
      <Filter>src</Filter>
    </None>
    <None Include="src\crc.S">
      <Filter>src</Filter>
    </None>
    <None Include="src\net_s.S">
      <Filter>src</Filter>
    </None>
    <None Include="src\self_prog.S">
      <Filter>src</Filter>
    </None>
    <None Include="src\tables.S">
      <Filter>src</Filter>
    </None>
    <None Include="src\zero_memory.S">
      <Filter>src</Filter>
    </None>
    <None Include="pc-link\makefile">
      <Filter>makefiles\pc-link</Filter>
    </None>
    <None Include="build_all.pl">
      <Filter>makefiles</Filter>
    </None>
    <None Include="common.pl">
      <Filter>makefiles</Filter>
    </None>
    <None Include="m8\makefile">
      <Filter>makefiles\m8</Filter>
    </None>
    <None Include="m16\makefile">
      <Filter>makefiles\m16</Filter>
    </None>
    <None Include="m8v\makefile">
      <Filter>makefiles\m8v</Filter>
    </None>
    <None Include="m16v\makefile">
      <Filter>makefiles\m16v</Filter>
    </None>
    <None Include="pc-link_v\makefile" />
    <None Include="gen-map.pl" />
    <None Include="gen-map-pc-link-virtual.pl" />
    <None Include="pc-link-virtual\makefile" />
    <None Include="generated\ldscripts\avr5.x">
      <Filter>ldscripts</Filter>
    </None>
    <None Include="generated\ldscripts\avr5_pc_link.x">
      <Filter>ldscripts</Filter>
    </None>
    <None Include="makefiles\avr5\real\makefile" />
    <None Include="makefiles\avr5\makefile" />
    <None Include="makefiles\avr5\virtual\makefile" />
    <None Include="makefiles\avr5\pc-link\makefile" />
    <None Include="makefiles\avr5\controller\makefile" />
    <None Include="ldscripts\avr4.x" />
    <None Include="ldscripts\avr4_pc_link.x" />
    <None Include="ldscripts\avr5.x" />
  </ItemGroup>
</Project>