<?xml version="1.0" encoding="utf-8"?>
<Project ToolsVersion="4.0" xmlns="http://schemas.microsoft.com/developer/msbuild/2003">
  <ItemGroup>
    <ClCompile Include="src\log.cpp" />
    <ClCompile Include="src\hexparser.cpp" />
    <ClCompile Include="src\win_service.cpp" />
  </ItemGroup>
  <ItemGroup>
    <ClInclude Include="include\nplib\utils\ext.h" />
    <ClInclude Include="include\nplib\utils\log.h" />
    <ClInclude Include="include\nplib\utils\msg_box.h" />
    <ClInclude Include="include\nplib\utils\value_parser.h" />
    <ClInclude Include="include\nplib\import_export.h" />
    <ClInclude Include="include\nplib\utils\hexparser.h" />
    <ClInclude Include="include\nplib\utils\variant.h" />
    <ClInclude Include="include\nplib\utils\config.h" />
    <ClInclude Include="include\nplib\utils\spinlock.h" />
    <ClInclude Include="include\nplib\utils\colored_cout.h" />
    <ClInclude Include="include\nplib\utils\win_service.h" />
    <ClInclude Include="include\nplib\utils\format.h" />
    <ClInclude Include="include\nplib\utils\utf8.h" />
    <ClInclude Include="include\nplib\utils\helper.h" />
    <ClInclude Include="include\nplib\utils\thread_safe_set.h" />
    <ClInclude Include="include\nplib\utils\omembuf.hpp" />
    <ClInclude Include="include\nplib\utils\singleton.hpp" />
    <ClInclude Include="include\nplib\utils\task_queue.h" />
    <ClInclude Include="include\nplib\utils\thread_pool.hpp" />
    <ClInclude Include="include\nplib\utils\types.h" />
    <ClInclude Include="include\nplib\utils\binary_search.hpp" />
    <ClInclude Include="src\service_error.h" />
    <ClInclude Include="include\nplib\windows\console.hpp" />
  </ItemGroup>
  <ItemGroup>
    <None Include="Makefile" />
    <None Include="src\service_error.mc" />
  </ItemGroup>
</Project>