<?xml version="1.0" encoding="utf-8"?>
<Project ToolsVersion="4.0" xmlns="http://schemas.microsoft.com/developer/msbuild/2003">
  <ItemGroup>
    <Filter Include="src">
      <UniqueIdentifier>{4FC737F1-C7A5-4376-A066-2A32D752A2FF}</UniqueIdentifier>
      <Extensions>cpp;c;cc;cxx;def;odl;idl;hpj;bat;asm;asmx</Extensions>
    </Filter>
    <Filter Include="idl">
      <UniqueIdentifier>{f1f26120-4ddd-4894-8a19-1e326c26d6d9}</UniqueIdentifier>
    </Filter>
  </ItemGroup>
  <ItemGroup>
    <ClCompile Include="src\main.cpp">
      <Filter>src</Filter>
    </ClCompile>
    <ClCompile Include="src\npwebserver.cpp">
      <Filter>src</Filter>
    </ClCompile>
    <ClCompile Include="src\npsys.cpp">
      <Filter>src</Filter>
    </ClCompile>
  </ItemGroup>
  <ItemGroup>
    <ClInclude Include="src\config.h">
      <Filter>src</Filter>
    </ClInclude>
    <ClInclude Include="src\npwebserver.hpp">
      <Filter>src</Filter>
    </ClInclude>
    <ClInclude Include="src\npwebserver_m.hpp">
      <Filter>src</Filter>
    </ClInclude>
  </ItemGroup>
  <ItemGroup>
    <None Include="idl\make.bat">
      <Filter>idl</Filter>
    </None>
    <None Include="idl\npwebserver.npidl">
      <Filter>idl</Filter>
    </None>
    <None Include="Makefile" />
  </ItemGroup>
</Project>