<?xml version="1.0" encoding="utf-8"?>
<Project ToolsVersion="4.0" xmlns="http://schemas.microsoft.com/developer/msbuild/2003">
  <ItemGroup>
    <Text Include="test\example1.txt">
      <Filter>examples</Filter>
    </Text>
    <Text Include="test\example0.txt">
      <Filter>examples</Filter>
    </Text>
  </ItemGroup>
  <ItemGroup>
    <Filter Include="generated">
      <UniqueIdentifier>{384dbb45-f87c-448b-b289-ebe9538afeca}</UniqueIdentifier>
    </Filter>
    <Filter Include="examples">
      <UniqueIdentifier>{165c1b15-35eb-440f-b86a-2e12f345a48c}</UniqueIdentifier>
    </Filter>
  </ItemGroup>
  <ItemGroup>
    <ClCompile Include="src\generated\lang.tab.cc">
      <Filter>generated</Filter>
    </ClCompile>
    <ClCompile Include="src\generated\lex.yy.cc">
      <Filter>generated</Filter>
    </ClCompile>
    <ClCompile Include="src\builder_llvm.cpp" />
    <ClCompile Include="src\npcompiler.cpp" />
    <ClCompile Include="src\ast.cpp" />
    <ClCompile Include="src\typer.cpp" />
    <ClCompile Include="src\utils.cpp" />
  </ItemGroup>
  <ItemGroup>
    <ClInclude Include="src\builder_llvm.hpp" />
    <ClInclude Include="src\ast.hpp" />
    <ClInclude Include="src\generated\position.hh">
      <Filter>generated</Filter>
    </ClInclude>
    <ClInclude Include="src\generated\stack.hh">
      <Filter>generated</Filter>
    </ClInclude>
    <ClInclude Include="src\generated\lang.tab.hh">
      <Filter>generated</Filter>
    </ClInclude>
    <ClInclude Include="src\generated\location.hh">
      <Filter>generated</Filter>
    </ClInclude>
    <ClInclude Include="include\npcompiler\npcompiler.hpp" />
    <ClInclude Include="include\npcompiler\resolver.hpp" />
    <ClInclude Include="src\typer.hpp" />
    <ClInclude Include="src\ast_utils.hpp" />
    <ClInclude Include="src\utils.hpp" />
    <ClInclude Include="src\number.hpp" />
  </ItemGroup>
  <ItemGroup>
    <None Include="src\lang.l" />
    <None Include="src\lang.y" />
    <None Include="src\generated\lang.output">
      <Filter>generated</Filter>
    </None>
    <None Include="Makefile" />
  </ItemGroup>
</Project>