<?xml version="1.0" encoding="utf-8"?>
<Project ToolsVersion="4.0" xmlns="http://schemas.microsoft.com/developer/msbuild/2003">
  <ItemGroup>
    <Filter Include="Source Files">
      <UniqueIdentifier>{4FC737F1-C7A5-4376-A066-2A32D752A2FF}</UniqueIdentifier>
      <Extensions>cpp;c;cc;cxx;c++;def;odl;idl;hpj;bat;asm;asmx</Extensions>
    </Filter>
  </ItemGroup>
  <ItemGroup>
    <ClCompile Include="make_info.cpp">
      <Filter>Source Files</Filter>
    </ClCompile>
    <ClCompile Include="atmega8.cpp">
      <Filter>Source Files</Filter>
    </ClCompile>
    <ClCompile Include="atmega16.cpp">
      <Filter>Source Files</Filter>
    </ClCompile>
    <ClCompile Include="atmega8v.cpp">
      <Filter>Source Files</Filter>
    </ClCompile>
    <ClCompile Include="atmega16v.cpp">
      <Filter>Source Files</Filter>
    </ClCompile>
    <ClCompile Include="pclink.cpp">
      <Filter>Source Files</Filter>
    </ClCompile>
    <ClCompile Include="pclink_virtual.cpp">
      <Filter>Source Files</Filter>
    </ClCompile>
  </ItemGroup>
  <ItemGroup>
    <ClInclude Include="avr.h">
      <Filter>Source Files</Filter>
    </ClInclude>
    <ClInclude Include="iom8.h">
      <Filter>Source Files</Filter>
    </ClInclude>
    <ClInclude Include="iom16.h">
      <Filter>Source Files</Filter>
    </ClInclude>
  </ItemGroup>
</Project>