<?xml version="1.0" encoding="utf-8"?>
<Project ToolsVersion="4.0" xmlns="http://schemas.microsoft.com/developer/msbuild/2003">
  <ItemGroup>
    <Filter Include="Source Files">
      <UniqueIdentifier>{90dbc1b4-150e-47a6-a220-1f21dd9edf72}</UniqueIdentifier>
    </Filter>
  </ItemGroup>
  <ItemGroup>
    <ClInclude Include="src\avr_virtual.h">
      <Filter>Source Files</Filter>
    </ClInclude>
    <ClInclude Include="src\bridge.h">
      <Filter>Source Files</Filter>
    </ClInclude>
    <ClInclude Include="src\bridge_avr_virtual.h">
      <Filter>Source Files</Filter>
    </ClInclude>
    <ClInclude Include="src\bridge_udp.h">
      <Filter>Source Files</Filter>
    </ClInclude>
    <ClInclude Include="src\config.h">
      <Filter>Source Files</Filter>
    </ClInclude>
    <ClInclude Include="src\environment.h">
      <Filter>Source Files</Filter>
    </ClInclude>
    <ClInclude Include="src\frame.h">
      <Filter>Source Files</Filter>
    </ClInclude>
    <ClInclude Include="src\history.h">
      <Filter>Source Files</Filter>
    </ClInclude>
    <ClInclude Include="src\itemmgr.h">
      <Filter>Source Files</Filter>
    </ClInclude>
    <ClInclude Include="src\listener.h">
      <Filter>Source Files</Filter>
    </ClInclude>
    <ClInclude Include="src\protocol.h">
      <Filter>Source Files</Filter>
    </ClInclude>
    <ClInclude Include="src\protocol_avr5.h">
      <Filter>Source Files</Filter>
    </ClInclude>
    <ClInclude Include="src\protocol_base.h">
      <Filter>Source Files</Filter>
    </ClInclude>
    <ClInclude Include="src\protocol_read.h">
      <Filter>Source Files</Filter>
    </ClInclude>
    <ClInclude Include="src\protocol_task.h">
      <Filter>Source Files</Filter>
    </ClInclude>
    <ClInclude Include="src\protocol_write.h">
      <Filter>Source Files</Filter>
    </ClInclude>
    <ClInclude Include="src\regstatus.h">
      <Filter>Source Files</Filter>
    </ClInclude>
    <ClInclude Include="src\server.h">
      <Filter>Source Files</Filter>
    </ClInclude>
    <ClInclude Include="src\stdafx.h">
      <Filter>Source Files</Filter>
    </ClInclude>
    <ClInclude Include="src\thread_pool.h">
      <Filter>Source Files</Filter>
    </ClInclude>
  </ItemGroup>
  <ItemGroup>
    <ClCompile Include="src\avr_virtual.cpp">
      <Filter>Source Files</Filter>
    </ClCompile>
    <ClCompile Include="src\boost_export.cpp">
      <Filter>Source Files</Filter>
    </ClCompile>
    <ClCompile Include="src\bridge_avr_virtual.cpp">
      <Filter>Source Files</Filter>
    </ClCompile>
    <ClCompile Include="src\bridge_udp.cpp">
      <Filter>Source Files</Filter>
    </ClCompile>
    <ClCompile Include="src\environment.cpp">
      <Filter>Source Files</Filter>
    </ClCompile>
    <ClCompile Include="src\frame.cpp">
      <Filter>Source Files</Filter>
    </ClCompile>
    <ClCompile Include="src\history.cpp">
      <Filter>Source Files</Filter>
    </ClCompile>
    <ClCompile Include="src\itemmgr.cpp">
      <Filter>Source Files</Filter>
    </ClCompile>
    <ClCompile Include="src\listener.cpp" />
    <ClCompile Include="src\npsys.cpp">
      <Filter>Source Files</Filter>
    </ClCompile>
    <ClCompile Include="src\protocol.cpp">
      <Filter>Source Files</Filter>
    </ClCompile>
    <ClCompile Include="src\stdafx.cpp">
      <Filter>Source Files</Filter>
    </ClCompile>
    <ClCompile Include="src\main.cpp">
      <Filter>Source Files</Filter>
    </ClCompile>
  </ItemGroup>
  <ItemGroup>
    <None Include="Makefile" />
  </ItemGroup>
</Project>