<?xml version="1.0" encoding="utf-8"?>
<Project ToolsVersion="4.0" xmlns="http://schemas.microsoft.com/developer/msbuild/2003">
  <ItemGroup>
    <ClInclude Include="include\npsys\access.h" />
    <ClInclude Include="include\npsys\alg.h" />
    <ClInclude Include="include\npsys\algcat.h" />
    <ClInclude Include="include\npsys\algsubcat.h" />
    <ClInclude Include="include\npsys\fbdblock.h" />
    <ClInclude Include="include\npsys\header.h" />
    <ClInclude Include="include\npsys\network.h" />
    <ClInclude Include="include\npsys\system.h" />
    <ClInclude Include="include\npsys\variable.h" />
    <ClInclude Include="include\npsys\guid.h" />
    <ClInclude Include="include\npsys\other\write_default_value_request.h" />
    <ClInclude Include="include\npsys\other\online_value.h" />
    <ClInclude Include="include\npsys\other\remote.h" />
    <ClInclude Include="include\npsys\other\uploadable.h" />
    <ClInclude Include="include\npsys\boost_export.h" />
    <ClInclude Include="include\npsys\cpp\cpp_variable.h" />
    <ClInclude Include="include\npsys\strings.h" />
    <ClInclude Include="include\npsys\memtypes.h" />
    <ClInclude Include="include\npsys\cpp\cpp_slot.h" />
    <ClInclude Include="include\npsys\corba.h" />
    <ClInclude Include="include\npsys\fat_data_callback.h" />
  </ItemGroup>
  <ItemGroup>
    <ClCompile Include="src\alg.cpp" />
    <ClCompile Include="src\system.cpp" />
    <ClCompile Include="src\online_value.cpp" />
    <ClCompile Include="src\corba.cpp" />
  </ItemGroup>
  <ItemGroup>
    <None Include="include\npsys\variable.inl" />
    <None Include="Makefile" />
  </ItemGroup>
</Project>