<?xml version="1.0" encoding="utf-8"?>
<Project ToolsVersion="4.0" xmlns="http://schemas.microsoft.com/developer/msbuild/2003">
  <ItemGroup>
    <Filter Include="Source Files">
      <UniqueIdentifier>{4FC737F1-C7A5-4376-A066-2A32D752A2FF}</UniqueIdentifier>
      <Extensions>cpp;c;cc;cxx;def;odl;idl;hpj;bat;asm;asmx</Extensions>
    </Filter>
    <Filter Include="generated">
      <UniqueIdentifier>{cccccad1-c390-41dc-a457-8e4f523c2831}</UniqueIdentifier>
    </Filter>
  </ItemGroup>
  <ItemGroup>
    <ClCompile Include="src\server.cpp">
      <Filter>Source Files</Filter>
    </ClCompile>
    <ClCompile Include="src\db.cpp">
      <Filter>Source Files</Filter>
    </ClCompile>
    <ClCompile Include="src\npsystem_constants.cpp">
      <Filter>Source Files</Filter>
    </ClCompile>
    <ClCompile Include="src\npwebserver.cpp">
      <Filter>Source Files</Filter>
    </ClCompile>
  </ItemGroup>
  <ItemGroup>
    <ClInclude Include="include\npc\server.hpp" />
    <ClInclude Include="include\npc\db.hpp" />
    <ClInclude Include="include\npc\npsystem_constants.hpp" />
    <ClInclude Include="include\npc\npwebserver.hpp" />
  </ItemGroup>
  <ItemGroup>
    <None Include="Makefile" />
    <None Include="idl\server.npidl" />
    <None Include="idl\db.npidl">
      <Filter>Source Files</Filter>
    </None>
    <None Include="idl\npsystem_constants.npidl">
      <Filter>Source Files</Filter>
    </None>
    <None Include="idl\make.bat">
      <Filter>Source Files</Filter>
    </None>
    <None Include="idl\npwebserver.npidl" />
  </ItemGroup>
</Project>